
Microsoft Visual Studio Solution File, Format Version 12.00
# Visual Studio 14
VisualStudioVersion = 14.0.25420.1
MinimumVisualStudioVersion = 10.0.40219.1
Project("{FAE04EC0-301F-11D3-BF4B-00C04F79EFBC}") = "NetTest", "NetTest\NetTest.csproj", "{B5C07AF8-15D4-4017-8D5A-D91A6895DDB0}"
EndProject
Project("{FAE04EC0-301F-11D3-BF4B-00C04F79EFBC}") = "WindowsService1", "WindowsService1\WindowsService1.csproj", "{4BCBF890-E621-45A5-B907-1DD17FDA1A24}"
EndProject
Project("{FAE04EC0-301F-11D3-BF4B-00C04F79EFBC}") = "WcfServiceLibrary1", "WcfServiceLibrary1\WcfServiceLibrary1.csproj", "{C0C47916-8FDA-491D-A8B1-5766D073DC1B}"
EndProject
Project("{FAE04EC0-301F-11D3-BF4B-00C04F79EFBC}") = "XuxWcfServiceTest", "XuxWcfServiceTest\XuxWcfServiceTest.csproj", "{E491F71B-4558-44B5-809D-0932107CE5D1}"
EndProject
Global
	GlobalSection(SolutionConfigurationPlatforms) = preSolution
		Debug|Any CPU = Debug|Any CPU
		Release|Any CPU = Release|Any CPU
	EndGlobalSection
	GlobalSection(ProjectConfigurationPlatforms) = postSolution
		{B5C07AF8-15D4-4017-8D5A-D91A6895DDB0}.Debug|Any CPU.ActiveCfg = Debug|Any CPU
		{B5C07AF8-15D4-4017-8D5A-D91A6895DDB0}.Debug|Any CPU.Build.0 = Debug|Any CPU
		{B5C07AF8-15D4-4017-8D5A-D91A6895DDB0}.Release|Any CPU.ActiveCfg = Release|Any CPU
		{B5C07AF8-15D4-4017-8D5A-D91A6895DDB0}.Release|Any CPU.Build.0 = Release|Any CPU
		{4BCBF890-E621-45A5-B907-1DD17FDA1A24}.Debug|Any CPU.ActiveCfg = Debug|Any CPU
		{4BCBF890-E621-45A5-B907-1DD17FDA1A24}.Debug|Any CPU.Build.0 = Debug|Any CPU
		{4BCBF890-E621-45A5-B907-1DD17FDA1A24}.Release|Any CPU.ActiveCfg = Release|Any CPU
		{4BCBF890-E621-45A5-B907-1DD17FDA1A24}.Release|Any CPU.Build.0 = Release|Any CPU
		{C0C47916-8FDA-491D-A8B1-5766D073DC1B}.Debug|Any CPU.ActiveCfg = Debug|Any CPU
		{C0C47916-8FDA-491D-A8B1-5766D073DC1B}.Debug|Any CPU.Build.0 = Debug|Any CPU
		{C0C47916-8FDA-491D-A8B1-5766D073DC1B}.Release|Any CPU.ActiveCfg = Release|Any CPU
		{C0C47916-8FDA-491D-A8B1-5766D073DC1B}.Release|Any CPU.Build.0 = Release|Any CPU
		{E491F71B-4558-44B5-809D-0932107CE5D1}.Debug|Any CPU.ActiveCfg = Debug|Any CPU
		{E491F71B-4558-44B5-809D-0932107CE5D1}.Debug|Any CPU.Build.0 = Debug|Any CPU
		{E491F71B-4558-44B5-809D-0932107CE5D1}.Release|Any CPU.ActiveCfg = Release|Any CPU
		{E491F71B-4558-44B5-809D-0932107CE5D1}.Release|Any CPU.Build.0 = Release|Any CPU
	EndGlobalSection
	GlobalSection(SolutionProperties) = preSolution
		HideSolutionNode = FALSE
	EndGlobalSection
EndGlobal
